// !$*UTF8*$!
{
	archiveVersion = 1;
	classes = {
	};
	objectVersion = 46;
	objects = {

/* Begin PBXBuildFile section */
		674805131C303BFA00EDDA86 /* AppDelegate.swift in Sources */ = {isa = PBXBuildFile; fileRef = 674805121C303BFA00EDDA86 /* AppDelegate.swift */; };
		674805151C303BFA00EDDA86 /* ViewController.swift in Sources */ = {isa = PBXBuildFile; fileRef = 674805141C303BFA00EDDA86 /* ViewController.swift */; };
		674805181C303BFA00EDDA86 /* Main.storyboard in Resources */ = {isa = PBXBuildFile; fileRef = 674805161C303BFA00EDDA86 /* Main.storyboard */; };
		6748051A1C303BFA00EDDA86 /* Assets.xcassets in Resources */ = {isa = PBXBuildFile; fileRef = 674805191C303BFA00EDDA86 /* Assets.xcassets */; };
		6748051D1C303BFA00EDDA86 /* LaunchScreen.storyboard in Resources */ = {isa = PBXBuildFile; fileRef = 6748051B1C303BFA00EDDA86 /* LaunchScreen.storyboard */; };
		67E6439F1C386C4800B95CD8 /* KeylimePie.swift in Sources */ = {isa = PBXBuildFile; fileRef = 67E6439E1C386C4800B95CD8 /* KeylimePie.swift */; };
/* End PBXBuildFile section */

/* Begin PBXFileReference section */
		6748050F1C303BFA00EDDA86 /* KeylimePieChart.app */ = {isa = PBXFileReference; explicitFileType = wrapper.application; includeInIndex = 0; path = KeylimePieChart.app; sourceTree = BUILT_PRODUCTS_DIR; };
		674805121C303BFA00EDDA86 /* AppDelegate.swift */ = {isa = PBXFileReference; lastKnownFileType = sourcecode.swift; path = AppDelegate.swift; sourceTree = "<group>"; };
		674805141C303BFA00EDDA86 /* ViewController.swift */ = {isa = PBXFileReference; lastKnownFileType = sourcecode.swift; path = ViewController.swift; sourceTree = "<group>"; };
		674805171C303BFA00EDDA86 /* Base */ = {isa = PBXFileReference; lastKnownFileType = file.storyboard; name = Base; path = Base.lproj/Main.storyboard; sourceTree = "<group>"; };
		674805191C303BFA00EDDA86 /* Assets.xcassets */ = {isa = PBXFileReference; lastKnownFileType = folder.assetcatalog; path = Assets.xcassets; sourceTree = "<group>"; };
		6748051C1C303BFA00EDDA86 /* Base */ = {isa = PBXFileReference; lastKnownFileType = file.storyboard; name = Base; path = Base.lproj/LaunchScreen.storyboard; sourceTree = "<group>"; };
		6748051E1C303BFA00EDDA86 /* Info.plist */ = {isa = PBXFileReference; lastKnownFileType = text.plist.xml; path = Info.plist; sourceTree = "<group>"; };
		67E6439E1C386C4800B95CD8 /* KeylimePie.swift */ = {isa = PBXFileReference; fileEncoding = 4; lastKnownFileType = sourcecode.swift; path = KeylimePie.swift; sourceTree = "<group>"; };
/* End PBXFileReference section */

/* Begin PBXFrameworksBuildPhase section */
		6748050C1C303BFA00EDDA86 /* Frameworks */ = {
			isa = PBXFrameworksBuildPhase;
			buildActionMask = 2147483647;
			files = (
			);
			runOnlyForDeploymentPostprocessing = 0;
		};
/* End PBXFrameworksBuildPhase section */

/* Begin PBXGroup section */
		674805061C303BFA00EDDA86 = {
			isa = PBXGroup;
			children = (
				674805111C303BFA00EDDA86 /* KeylimePieChart */,
				674805101C303BFA00EDDA86 /* Products */,
			);
			sourceTree = "<group>";
		};
		674805101C303BFA00EDDA86 /* Products */ = {
			isa = PBXGroup;
			children = (
				6748050F1C303BFA00EDDA86 /* KeylimePieChart.app */,
			);
			name = Products;
			sourceTree = "<group>";
		};
		674805111C303BFA00EDDA86 /* KeylimePieChart */ = {
			isa = PBXGroup;
			children = (
				674805121C303BFA00EDDA86 /* AppDelegate.swift */,
				674805141C303BFA00EDDA86 /* ViewController.swift */,
				67E6439E1C386C4800B95CD8 /* KeylimePie.swift */,
				674805161C303BFA00EDDA86 /* Main.storyboard */,
				674805191C303BFA00EDDA86 /* Assets.xcassets */,
				6748051B1C303BFA00EDDA86 /* LaunchScreen.storyboard */,
				6748051E1C303BFA00EDDA86 /* Info.plist */,
			);
			path = KeylimePieChart;
			sourceTree = "<group>";
		};
/* End PBXGroup section */

/* Begin PBXNativeTarget section */
		6748050E1C303BFA00EDDA86 /* KeylimePieChart */ = {
			isa = PBXNativeTarget;
			buildConfigurationList = 674805211C303BFA00EDDA86 /* Build configuration list for PBXNativeTarget "KeylimePieChart" */;
			buildPhases = (
				6748050B1C303BFA00EDDA86 /* Sources */,
				6748050C1C303BFA00EDDA86 /* Frameworks */,
				6748050D1C303BFA00EDDA86 /* Resources */,
			);
			buildRules = (
			);
			dependencies = (
			);
			name = KeylimePieChart;
			productName = KeylimePieChart;
			productReference = 6748050F1C303BFA00EDDA86 /* KeylimePieChart.app */;
			productType = "com.apple.product-type.application";
		};
/* End PBXNativeTarget section */

/* Begin PBXProject section */
		674805071C303BFA00EDDA86 /* Project object */ = {
			isa = PBXProject;
			attributes = {
				LastSwiftUpdateCheck = 0720;
				LastUpgradeCheck = 0720;
				ORGANIZATIONNAME = ArjunGupta;
				TargetAttributes = {
					6748050E1C303BFA00EDDA86 = {
						CreatedOnToolsVersion = 7.2;
					};
				};
			};
			buildConfigurationList = 6748050A1C303BFA00EDDA86 /* Build configuration list for PBXProject "KeylimePieChart" */;
			compatibilityVersion = "Xcode 3.2";
			developmentRegion = English;
			hasScannedForEncodings = 0;
			knownRegions = (
				en,
				Base,
			);
			mainGroup = 674805061C303BFA00EDDA86;
			productRefGroup = 674805101C303BFA00EDDA86 /* Products */;
			projectDirPath = "";
			projectRoot = "";
			targets = (
				6748050E1C303BFA00EDDA86 /* KeylimePieChart */,
			);
		};
/* End PBXProject section */

/* Begin PBXResourcesBuildPhase section */
		6748050D1C303BFA00EDDA86 /* Resources */ = {
			isa = PBXResourcesBuildPhase;
			buildActionMask = 2147483647;
			files = (
				6748051D1C303BFA00EDDA86 /* LaunchScreen.storyboard in Resources */,
				6748051A1C303BFA00EDDA86 /* Assets.xcassets in Resources */,
				674805181C303BFA00EDDA86 /* Main.storyboard in Resources */,
			);
			runOnlyForDeploymentPostprocessing = 0;
		};
/* End PBXResourcesBuildPhase section */

/* Begin PBXSourcesBuildPhase section */
		6748050B1C303BFA00EDDA86 /* Sources */ = {
			isa = PBXSourcesBuildPhase;
			buildActionMask = 2147483647;
			files = (
				674805151C303BFA00EDDA86 /* ViewController.swift in Sources */,
				674805131C303BFA00EDDA86 /* AppDelegate.swift in Sources */,
				67E6439F1C386C4800B95CD8 /* KeylimePie.swift in Sources */,
			);
			runOnlyForDeploymentPostprocessing = 0;
		};
/* End PBXSourcesBuildPhase section */

/* Begin PBXVariantGroup section */
		674805161C303BFA00EDDA86 /* Main.storyboard */ = {
			isa = PBXVariantGroup;
			children = (
				674805171C303BFA00EDDA86 /* Base */,
			);
			name = Main.storyboard;
			sourceTree = "<group>";
		};
		6748051B1C303BFA00EDDA86 /* LaunchScreen.storyboard */ = {
			isa = PBXVariantGroup;
			children = (
				6748051C1C303BFA00EDDA86 /* Base */,
			);
			name = LaunchScreen.storyboard;
			sourceTree = "<group>";
		};
/* End PBXVariantGroup section */

/* Begin XCBuildConfiguration section */
		6748051F1C303BFA00EDDA86 /* Debug */ = {
			isa = XCBuildConfiguration;
			buildSettings = {
				ALWAYS_SEARCH_USER_PATHS = NO;
				CLANG_CXX_LANGUAGE_STANDARD = "gnu++0x";
				CLANG_CXX_LIBRARY = "libc++";
				CLANG_ENABLE_MODULES = YES;
				CLANG_ENABLE_OBJC_ARC = YES;
				CLANG_WARN_BOOL_CONVERSION = YES;
				CLANG_WARN_CONSTANT_CONVERSION = YES;
				CLANG_WARN_DIRECT_OBJC_ISA_USAGE = YES_ERROR;
				CLANG_WARN_EMPTY_BODY = YES;
				CLANG_WARN_ENUM_CONVERSION = YES;
				CLANG_WARN_INT_CONVERSION = YES;
				CLANG_WARN_OBJC_ROOT_CLASS = YES_ERROR;
				CLANG_WARN_UNREACHABLE_CODE = YES;
				CLANG_WARN__DUPLICATE_METHOD_MATCH = YES;
				"CODE_SIGN_IDENTITY[sdk=iphoneos*]" = "iPhone Developer";
				COPY_PHASE_STRIP = NO;
				DEBUG_INFORMATION_FORMAT = dwarf;
				ENABLE_STRICT_OBJC_MSGSEND = YES;
				ENABLE_TESTABILITY = YES;
				GCC_C_LANGUAGE_STANDARD = gnu99;
				GCC_DYNAMIC_NO_PIC = NO;
				GCC_NO_COMMON_BLOCKS = YES;
				GCC_OPTIMIZATION_LEVEL = 0;
				GCC_PREPROCESSOR_DEFINITIONS = (
					"DEBUG=1",
					"$(inherited)",
				);
				GCC_WARN_64_TO_32_BIT_CONVERSION = YES;
				GCC_WARN_ABOUT_RETURN_TYPE = YES_ERROR;
				GCC_WARN_UNDECLARED_SELECTOR = YES;
				GCC_WARN_UNINITIALIZED_AUTOS = YES_AGGRESSIVE;
				GCC_WARN_UNUSED_FUNCTION = YES;
				GCC_WARN_UNUSED_VARIABLE = YES;
				IPHONEOS_DEPLOYMENT_TARGET = 9.2;
				MTL_ENABLE_DEBUG_INFO = YES;
				ONLY_ACTIVE_ARCH = YES;
				SDKROOT = iphoneos;
				SWIFT_OPTIMIZATION_LEVEL = "-Onone";
				TARGETED_DEVICE_FAMILY = "1,2";
			};
			name = Debug;
		};
		674805201C303BFA00EDDA86 /* Release */ = {
			isa = XCBuildConfiguration;
			buildSettings = {
				ALWAYS_SEARCH_USER_PATHS = NO;
				CLANG_CXX_LANGUAGE_STANDARD = "gnu++0x";
				CLANG_CXX_LIBRARY = "libc++";
				CLANG_ENABLE_MODULES = YES;
				CLANG_ENABLE_OBJC_ARC = YES;
				CLANG_WARN_BOOL_CONVERSION = YES;
				CLANG_WARN_CONSTANT_CONVERSION = YES;
				CLANG_WARN_DIRECT_OBJC_ISA_USAGE = YES_ERROR;
				CLANG_WARN_EMPTY_BODY = YES;
				CLANG_WARN_ENUM_CONVERSION = YES;
				CLANG_WARN_INT_CONVERSION = YES;
				CLANG_WARN_OBJC_ROOT_CLASS = YES_ERROR;
				CLANG_WARN_UNREACHABLE_CODE = YES;
				CLANG_WARN__DUPLICATE_METHOD_MATCH = YES;
				"CODE_SIGN_IDENTITY[sdk=iphoneos*]" = "iPhone Developer";
				COPY_PHASE_STRIP = NO;
				DEBUG_INFORMATION_FORMAT = "dwarf-with-dsym";
				ENABLE_NS_ASSERTIONS = NO;
				ENABLE_STRICT_OBJC_MSGSEND = YES;
				GCC_C_LANGUAGE_STANDARD = gnu99;
				GCC_NO_COMMON_BLOCKS = YES;
				GCC_WARN_64_TO_32_BIT_CONVERSION = YES;
				GCC_WARN_ABOUT_RETURN_TYPE = YES_ERROR;
				GCC_WARN_UNDECLARED_SELECTOR = YES;
				GCC_WARN_UNINITIALIZED_AUTOS = YES_AGGRESSIVE;
				GCC_WARN_UNUSED_FUNCTION = YES;
				GCC_WARN_UNUSED_VARIABLE = YES;
				IPHONEOS_DEPLOYMENT_TARGET = 9.2;
				MTL_ENABLE_DEBUG_INFO = NO;
				SDKROOT = iphoneos;
				TARGETED_DEVICE_FAMILY = "1,2";
				VALIDATE_PRODUCT = YES;
			};
			name = Release;
		};
		674805221C303BFA00EDDA86 /* Debug */ = {
			isa = XCBuildConfiguration;
			buildSettings = {
				ASSETCATALOG_COMPILER_APPICON_NAME = AppIcon;
				INFOPLIST_FILE = KeylimePieChart/Info.plist;
				LD_RUNPATH_SEARCH_PATHS = "$(inherited) @executable_path/Frameworks";
				PRODUCT_BUNDLE_IDENTIFIER = ArjunGupta.KeylimePieChart;
				PRODUCT_NAME = "$(TARGET_NAME)";
			};
			name = Debug;
		};
		674805231C303BFA00EDDA86 /* Release */ = {
			isa = XCBuildConfiguration;
			buildSettings = {
				ASSETCATALOG_COMPILER_APPICON_NAME = AppIcon;
				INFOPLIST_FILE = KeylimePieChart/Info.plist;
				LD_RUNPATH_SEARCH_PATHS = "$(inherited) @executable_path/Frameworks";
				PRODUCT_BUNDLE_IDENTIFIER = ArjunGupta.KeylimePieChart;
				PRODUCT_NAME = "$(TARGET_NAME)";
			};
			name = Release;
		};
/* End XCBuildConfiguration section */

/* Begin XCConfigurationList section */
		6748050A1C303BFA00EDDA86 /* Build configuration list for PBXProject "KeylimePieChart" */ = {
			isa = XCConfigurationList;
			buildConfigurations = (
				6748051F1C303BFA00EDDA86 /* Debug */,
				674805201C303BFA00EDDA86 /* Release */,
			);
			defaultConfigurationIsVisible = 0;
			defaultConfigurationName = Release;
		};
		674805211C303BFA00EDDA86 /* Build configuration list for PBXNativeTarget "KeylimePieChart" */ = {
			isa = XCConfigurationList;
			buildConfigurations = (
				674805221C303BFA00EDDA86 /* Debug */,
				674805231C303BFA00EDDA86 /* Release */,
			);
			defaultConfigurationIsVisible = 0;
			defaultConfigurationName = Release;
		};
/* End XCConfigurationList section */
	};
	rootObject = 674805071C303BFA00EDDA86 /* Project object */;
}
